
Microsoft Visual Studio Solution File, Format Version 12.00
# Visual Studio Version 17
VisualStudioVersion = 17.1.32421.90
MinimumVisualStudioVersion = 10.0.40219.1
Project("{FAE04EC0-301F-11D3-BF4B-00C04F79EFBC}") = "Summator", "Summator\Summator.csproj", "{A1304933-C253-4C43-A03A-34D23ED6BF16}"
EndProject
Project("{FAE04EC0-301F-11D3-BF4B-00C04F79EFBC}") = "Summator.Tests", "Summator.Tests\Summator.Tests.csproj", "{454D37A4-4789-4C39-B4EE-E43DFD862C02}"
EndProject
Global
	GlobalSection(SolutionConfigurationPlatforms) = preSolution
		Debug|Any CPU = Debug|Any CPU
		Release|Any CPU = Release|Any CPU
	EndGlobalSection
	GlobalSection(ProjectConfigurationPlatforms) = postSolution
		{A1304933-C253-4C43-A03A-34D23ED6BF16}.Debug|Any CPU.ActiveCfg = Debug|Any CPU
		{A1304933-C253-4C43-A03A-34D23ED6BF16}.Debug|Any CPU.Build.0 = Debug|Any CPU
		{A1304933-C253-4C43-A03A-34D23ED6BF16}.Release|Any CPU.ActiveCfg = Release|Any CPU
		{A1304933-C253-4C43-A03A-34D23ED6BF16}.Release|Any CPU.Build.0 = Release|Any CPU
		{454D37A4-4789-4C39-B4EE-E43DFD862C02}.Debug|Any CPU.ActiveCfg = Debug|Any CPU
		{454D37A4-4789-4C39-B4EE-E43DFD862C02}.Debug|Any CPU.Build.0 = Debug|Any CPU
		{454D37A4-4789-4C39-B4EE-E43DFD862C02}.Release|Any CPU.ActiveCfg = Release|Any CPU
		{454D37A4-4789-4C39-B4EE-E43DFD862C02}.Release|Any CPU.Build.0 = Release|Any CPU
	EndGlobalSection
	GlobalSection(SolutionProperties) = preSolution
		HideSolutionNode = FALSE
	EndGlobalSection
	GlobalSection(ExtensibilityGlobals) = postSolution
		SolutionGuid = {B2599073-9B2B-4B09-A859-2560C82EECE4}
	EndGlobalSection
EndGlobal
